
Microsoft Visual Studio Solution File, Format Version 12.00
# Visual Studio Version 17
VisualStudioVersion = 17.9.34723.18
MinimumVisualStudioVersion = 10.0.40219.1
Project("{FAE04EC0-301F-11D3-BF4B-00C04F79EFBC}") = "Nexus.Models", "src\Nexus.Models\Nexus.Models.csproj", "{A1B2C3D4-1001-4E5F-A600-000000000001}"
EndProject
Project("{FAE04EC0-301F-11D3-BF4B-00C04F79EFBC}") = "Nexus.Core", "src\Nexus.Core\Nexus.Core.csproj", "{A1B2C3D4-2002-4E5F-A600-000000000002}"
EndProject
Project("{FAE04EC0-301F-11D3-BF4B-00C04F79EFBC}") = "Nexus.API", "src\Nexus.API\Nexus.API.csproj", "{A1B2C3D4-3003-4E5F-A600-000000000003}"
EndProject
Project("{FAE04EC0-301F-11D3-BF4B-00C04F79EFBC}") = "Nexus.Agents", "src\Nexus.Agents\Nexus.Agents.csproj", "{A1B2C3D4-4004-4E5F-A600-000000000004}"
EndProject
Project("{FAE04EC0-301F-11D3-BF4B-00C04F79EFBC}") = "Nexus.Crypto", "src\Nexus.Crypto\Nexus.Crypto.csproj", "{A1B2C3D4-5005-4E5F-A600-000000000005}"
EndProject
Project("{FAE04EC0-301F-11D3-BF4B-00C04F79EFBC}") = "Nexus.Tests.Unit", "src\Nexus.Tests.Unit\Nexus.Tests.Unit.csproj", "{A1B2C3D4-6006-4E5F-A600-000000000006}"
EndProject
Project("{FAE04EC0-301F-11D3-BF4B-00C04F79EFBC}") = "Nexus.Tests.Integration", "src\Nexus.Tests.Integration\Nexus.Tests.Integration.csproj", "{A1B2C3D4-7007-4E5F-A600-000000000007}"
EndProject
Project("{2150E333-8FDC-42A3-9474-1A3956D46DE8}") = "src", "src", "{B0000001-0000-0000-0000-000000000001}"
EndProject
Global
	GlobalSection(SolutionConfigurationPlatforms) = preSolution
		Debug|Any CPU = Debug|Any CPU
		Release|Any CPU = Release|Any CPU
	EndGlobalSection
	GlobalSection(ProjectConfigurationPlatforms) = postSolution
		{A1B2C3D4-1001-4E5F-A600-000000000001}.Debug|Any CPU.ActiveCfg = Debug|Any CPU
		{A1B2C3D4-1001-4E5F-A600-000000000001}.Debug|Any CPU.Build.0 = Debug|Any CPU
		{A1B2C3D4-1001-4E5F-A600-000000000001}.Release|Any CPU.ActiveCfg = Release|Any CPU
		{A1B2C3D4-1001-4E5F-A600-000000000001}.Release|Any CPU.Build.0 = Release|Any CPU
		{A1B2C3D4-2002-4E5F-A600-000000000002}.Debug|Any CPU.ActiveCfg = Debug|Any CPU
		{A1B2C3D4-2002-4E5F-A600-000000000002}.Debug|Any CPU.Build.0 = Debug|Any CPU
		{A1B2C3D4-2002-4E5F-A600-000000000002}.Release|Any CPU.ActiveCfg = Release|Any CPU
		{A1B2C3D4-2002-4E5F-A600-000000000002}.Release|Any CPU.Build.0 = Release|Any CPU
		{A1B2C3D4-3003-4E5F-A600-000000000003}.Debug|Any CPU.ActiveCfg = Debug|Any CPU
		{A1B2C3D4-3003-4E5F-A600-000000000003}.Debug|Any CPU.Build.0 = Debug|Any CPU
		{A1B2C3D4-3003-4E5F-A600-000000000003}.Release|Any CPU.ActiveCfg = Release|Any CPU
		{A1B2C3D4-3003-4E5F-A600-000000000003}.Release|Any CPU.Build.0 = Release|Any CPU
		{A1B2C3D4-4004-4E5F-A600-000000000004}.Debug|Any CPU.ActiveCfg = Debug|Any CPU
		{A1B2C3D4-4004-4E5F-A600-000000000004}.Debug|Any CPU.Build.0 = Debug|Any CPU
		{A1B2C3D4-4004-4E5F-A600-000000000004}.Release|Any CPU.ActiveCfg = Release|Any CPU
		{A1B2C3D4-4004-4E5F-A600-000000000004}.Release|Any CPU.Build.0 = Release|Any CPU
		{A1B2C3D4-5005-4E5F-A600-000000000005}.Debug|Any CPU.ActiveCfg = Debug|Any CPU
		{A1B2C3D4-5005-4E5F-A600-000000000005}.Debug|Any CPU.Build.0 = Debug|Any CPU
		{A1B2C3D4-5005-4E5F-A600-000000000005}.Release|Any CPU.ActiveCfg = Release|Any CPU
		{A1B2C3D4-5005-4E5F-A600-000000000005}.Release|Any CPU.Build.0 = Release|Any CPU
		{A1B2C3D4-6006-4E5F-A600-000000000006}.Debug|Any CPU.ActiveCfg = Debug|Any CPU
		{A1B2C3D4-6006-4E5F-A600-000000000006}.Debug|Any CPU.Build.0 = Debug|Any CPU
		{A1B2C3D4-6006-4E5F-A600-000000000006}.Release|Any CPU.ActiveCfg = Release|Any CPU
		{A1B2C3D4-6006-4E5F-A600-000000000006}.Release|Any CPU.Build.0 = Release|Any CPU
		{A1B2C3D4-7007-4E5F-A600-000000000007}.Debug|Any CPU.ActiveCfg = Debug|Any CPU
		{A1B2C3D4-7007-4E5F-A600-000000000007}.Debug|Any CPU.Build.0 = Debug|Any CPU
		{A1B2C3D4-7007-4E5F-A600-000000000007}.Release|Any CPU.ActiveCfg = Release|Any CPU
		{A1B2C3D4-7007-4E5F-A600-000000000007}.Release|Any CPU.Build.0 = Release|Any CPU
	EndGlobalSection
	GlobalSection(NestedProjects) = preSolution
		{A1B2C3D4-1001-4E5F-A600-000000000001} = {B0000001-0000-0000-0000-000000000001}
		{A1B2C3D4-2002-4E5F-A600-000000000002} = {B0000001-0000-0000-0000-000000000001}
		{A1B2C3D4-3003-4E5F-A600-000000000003} = {B0000001-0000-0000-0000-000000000001}
		{A1B2C3D4-4004-4E5F-A600-000000000004} = {B0000001-0000-0000-0000-000000000001}
		{A1B2C3D4-5005-4E5F-A600-000000000005} = {B0000001-0000-0000-0000-000000000001}
		{A1B2C3D4-6006-4E5F-A600-000000000006} = {B0000001-0000-0000-0000-000000000001}
		{A1B2C3D4-7007-4E5F-A600-000000000007} = {B0000001-0000-0000-0000-000000000001}
	EndGlobalSection
	GlobalSection(SolutionProperties) = preSolution
		HideSolutionNode = FALSE
	EndGlobalSection
EndGlobal
